// !$*UTF8*$!
{
	archiveVersion = 1;
	classes = {
	};
	objectVersion = 46;
	objects = {

/* Begin PBXBuildFile section */
		9333A15D1CE4772B00CEE91B /* PRRouter.framework in Frameworks */ = {isa = PBXBuildFile; fileRef = 9333A1521CE4772B00CEE91B /* PRRouter.framework */; };
		9333A1621CE4772B00CEE91B /* PRRouterTests.m in Sources */ = {isa = PBXBuildFile; fileRef = 9333A1611CE4772B00CEE91B /* PRRouterTests.m */; };
		93793AE91CF42CDA006B8F2F /* PRRouter_Private.h in Headers */ = {isa = PBXBuildFile; fileRef = 93793AC01CF2AD50006B8F2F /* PRRouter_Private.h */; };
		938D51EA1CECC118003A8ED1 /* NSString+PRRouterURLCoding.h in Headers */ = {isa = PBXBuildFile; fileRef = 938D51E81CECC118003A8ED1 /* NSString+PRRouterURLCoding.h */; };
		938D51EB1CECC118003A8ED1 /* NSString+PRRouterURLCoding.m in Sources */ = {isa = PBXBuildFile; fileRef = 938D51E91CECC118003A8ED1 /* NSString+PRRouterURLCoding.m */; };
		938D51EE1CECC124003A8ED1 /* NSNumber+PRRouterURLCoding.h in Headers */ = {isa = PBXBuildFile; fileRef = 938D51EC1CECC124003A8ED1 /* NSNumber+PRRouterURLCoding.h */; };
		938D51EF1CECC124003A8ED1 /* NSNumber+PRRouterURLCoding.m in Sources */ = {isa = PBXBuildFile; fileRef = 938D51ED1CECC124003A8ED1 /* NSNumber+PRRouterURLCoding.m */; };
		93CA2C621CECD7A000942451 /* NSDictionary+PRRouterURLCoding.h in Headers */ = {isa = PBXBuildFile; fileRef = 93CA2C601CECD7A000942451 /* NSDictionary+PRRouterURLCoding.h */; };
		93CA2C631CECD7A000942451 /* NSDictionary+PRRouterURLCoding.m in Sources */ = {isa = PBXBuildFile; fileRef = 93CA2C611CECD7A000942451 /* NSDictionary+PRRouterURLCoding.m */; };
		93CA2C6B1CED94AB00942451 /* UIViewController+PRRouter.h in Headers */ = {isa = PBXBuildFile; fileRef = 93CA2C691CED94AB00942451 /* UIViewController+PRRouter.h */; settings = {ATTRIBUTES = (Public, ); }; };
		93CA2C6C1CED94AB00942451 /* UIViewController+PRRouter.m in Sources */ = {isa = PBXBuildFile; fileRef = 93CA2C6A1CED94AB00942451 /* UIViewController+PRRouter.m */; };
		93CA2C701CED9B8F00942451 /* PRRouterNode.h in Headers */ = {isa = PBXBuildFile; fileRef = 93CA2C6E1CED9B8F00942451 /* PRRouterNode.h */; };
		93CA2C711CED9B8F00942451 /* PRRouterNode.m in Sources */ = {isa = PBXBuildFile; fileRef = 93CA2C6F1CED9B8F00942451 /* PRRouterNode.m */; };
		93CA2C861CEDD33200942451 /* PRRouter.h in Headers */ = {isa = PBXBuildFile; fileRef = 93CA2C841CEDD33200942451 /* PRRouter.h */; settings = {ATTRIBUTES = (Public, ); }; };
		93CA2C871CEDD33200942451 /* PRRouter.m in Sources */ = {isa = PBXBuildFile; fileRef = 93CA2C851CEDD33200942451 /* PRRouter.m */; };
/* End PBXBuildFile section */

/* Begin PBXContainerItemProxy section */
		9333A15E1CE4772B00CEE91B /* PBXContainerItemProxy */ = {
			isa = PBXContainerItemProxy;
			containerPortal = 9333A1491CE4772B00CEE91B /* Project object */;
			proxyType = 1;
			remoteGlobalIDString = 9333A1511CE4772B00CEE91B;
			remoteInfo = PRRouter;
		};
/* End PBXContainerItemProxy section */

/* Begin PBXFileReference section */
		9333A1521CE4772B00CEE91B /* PRRouter.framework */ = {isa = PBXFileReference; explicitFileType = wrapper.framework; includeInIndex = 0; path = PRRouter.framework; sourceTree = BUILT_PRODUCTS_DIR; };
		9333A15C1CE4772B00CEE91B /* PRRouterTests.xctest */ = {isa = PBXFileReference; explicitFileType = wrapper.cfbundle; includeInIndex = 0; path = PRRouterTests.xctest; sourceTree = BUILT_PRODUCTS_DIR; };
		9333A1611CE4772B00CEE91B /* PRRouterTests.m */ = {isa = PBXFileReference; lastKnownFileType = sourcecode.c.objc; path = PRRouterTests.m; sourceTree = "<group>"; };
		9333A1631CE4772B00CEE91B /* Info.plist */ = {isa = PBXFileReference; lastKnownFileType = text.plist.xml; path = Info.plist; sourceTree = "<group>"; };
		9333A16D1CE47B2D00CEE91B /* Info.plist */ = {isa = PBXFileReference; fileEncoding = 4; lastKnownFileType = text.plist.xml; path = Info.plist; sourceTree = "<group>"; };
		93793AC01CF2AD50006B8F2F /* PRRouter_Private.h */ = {isa = PBXFileReference; lastKnownFileType = sourcecode.c.h; path = PRRouter_Private.h; sourceTree = "<group>"; };
		938D51E81CECC118003A8ED1 /* NSString+PRRouterURLCoding.h */ = {isa = PBXFileReference; fileEncoding = 4; lastKnownFileType = sourcecode.c.h; path = "NSString+PRRouterURLCoding.h"; sourceTree = "<group>"; };
		938D51E91CECC118003A8ED1 /* NSString+PRRouterURLCoding.m */ = {isa = PBXFileReference; fileEncoding = 4; lastKnownFileType = sourcecode.c.objc; path = "NSString+PRRouterURLCoding.m"; sourceTree = "<group>"; };
		938D51EC1CECC124003A8ED1 /* NSNumber+PRRouterURLCoding.h */ = {isa = PBXFileReference; fileEncoding = 4; lastKnownFileType = sourcecode.c.h; path = "NSNumber+PRRouterURLCoding.h"; sourceTree = "<group>"; };
		938D51ED1CECC124003A8ED1 /* NSNumber+PRRouterURLCoding.m */ = {isa = PBXFileReference; fileEncoding = 4; lastKnownFileType = sourcecode.c.objc; path = "NSNumber+PRRouterURLCoding.m"; sourceTree = "<group>"; };
		93CA2C601CECD7A000942451 /* NSDictionary+PRRouterURLCoding.h */ = {isa = PBXFileReference; fileEncoding = 4; lastKnownFileType = sourcecode.c.h; path = "NSDictionary+PRRouterURLCoding.h"; sourceTree = "<group>"; };
		93CA2C611CECD7A000942451 /* NSDictionary+PRRouterURLCoding.m */ = {isa = PBXFileReference; fileEncoding = 4; lastKnownFileType = sourcecode.c.objc; path = "NSDictionary+PRRouterURLCoding.m"; sourceTree = "<group>"; };
		93CA2C691CED94AB00942451 /* UIViewController+PRRouter.h */ = {isa = PBXFileReference; fileEncoding = 4; lastKnownFileType = sourcecode.c.h; path = "UIViewController+PRRouter.h"; sourceTree = "<group>"; };
		93CA2C6A1CED94AB00942451 /* UIViewController+PRRouter.m */ = {isa = PBXFileReference; fileEncoding = 4; lastKnownFileType = sourcecode.c.objc; path = "UIViewController+PRRouter.m"; sourceTree = "<group>"; };
		93CA2C6E1CED9B8F00942451 /* PRRouterNode.h */ = {isa = PBXFileReference; fileEncoding = 4; lastKnownFileType = sourcecode.c.h; path = PRRouterNode.h; sourceTree = "<group>"; };
		93CA2C6F1CED9B8F00942451 /* PRRouterNode.m */ = {isa = PBXFileReference; fileEncoding = 4; lastKnownFileType = sourcecode.c.objc; path = PRRouterNode.m; sourceTree = "<group>"; };
		93CA2C841CEDD33200942451 /* PRRouter.h */ = {isa = PBXFileReference; fileEncoding = 4; lastKnownFileType = sourcecode.c.h; path = PRRouter.h; sourceTree = "<group>"; };
		93CA2C851CEDD33200942451 /* PRRouter.m */ = {isa = PBXFileReference; fileEncoding = 4; lastKnownFileType = sourcecode.c.objc; path = PRRouter.m; sourceTree = "<group>"; };
/* End PBXFileReference section */

/* Begin PBXFrameworksBuildPhase section */
		9333A14E1CE4772B00CEE91B /* Frameworks */ = {
			isa = PBXFrameworksBuildPhase;
			buildActionMask = 2147483647;
			files = (
			);
			runOnlyForDeploymentPostprocessing = 0;
		};
		9333A1591CE4772B00CEE91B /* Frameworks */ = {
			isa = PBXFrameworksBuildPhase;
			buildActionMask = 2147483647;
			files = (
				9333A15D1CE4772B00CEE91B /* PRRouter.framework in Frameworks */,
			);
			runOnlyForDeploymentPostprocessing = 0;
		};
/* End PBXFrameworksBuildPhase section */

/* Begin PBXGroup section */
		9333A1481CE4772B00CEE91B = {
			isa = PBXGroup;
			children = (
				9333A1541CE4772B00CEE91B /* Sources */,
				9333A1601CE4772B00CEE91B /* Tests */,
				9333A1531CE4772B00CEE91B /* Products */,
			);
			sourceTree = "<group>";
		};
		9333A1531CE4772B00CEE91B /* Products */ = {
			isa = PBXGroup;
			children = (
				9333A1521CE4772B00CEE91B /* PRRouter.framework */,
				9333A15C1CE4772B00CEE91B /* PRRouterTests.xctest */,
			);
			name = Products;
			sourceTree = "<group>";
		};
		9333A1541CE4772B00CEE91B /* Sources */ = {
			isa = PBXGroup;
			children = (
				938D51E61CECC065003A8ED1 /* Utils */,
				93CA2C681CED944100942451 /* Categories */,
				93CA2C6D1CED9B3500942451 /* Classes */,
				9333A16C1CE47AD000CEE91B /* Supporting Files */,
			);
			path = Sources;
			sourceTree = "<group>";
		};
		9333A1601CE4772B00CEE91B /* Tests */ = {
			isa = PBXGroup;
			children = (
				9333A1611CE4772B00CEE91B /* PRRouterTests.m */,
				9333A1631CE4772B00CEE91B /* Info.plist */,
			);
			path = Tests;
			sourceTree = "<group>";
		};
		9333A16C1CE47AD000CEE91B /* Supporting Files */ = {
			isa = PBXGroup;
			children = (
				9333A16D1CE47B2D00CEE91B /* Info.plist */,
			);
			path = "Supporting Files";
			sourceTree = "<group>";
		};
		938D51E61CECC065003A8ED1 /* Utils */ = {
			isa = PBXGroup;
			children = (
				93CA2C601CECD7A000942451 /* NSDictionary+PRRouterURLCoding.h */,
				93CA2C611CECD7A000942451 /* NSDictionary+PRRouterURLCoding.m */,
				938D51EC1CECC124003A8ED1 /* NSNumber+PRRouterURLCoding.h */,
				938D51ED1CECC124003A8ED1 /* NSNumber+PRRouterURLCoding.m */,
				938D51E81CECC118003A8ED1 /* NSString+PRRouterURLCoding.h */,
				938D51E91CECC118003A8ED1 /* NSString+PRRouterURLCoding.m */,
			);
			path = Utils;
			sourceTree = "<group>";
		};
		93CA2C681CED944100942451 /* Categories */ = {
			isa = PBXGroup;
			children = (
				93CA2C691CED94AB00942451 /* UIViewController+PRRouter.h */,
				93CA2C6A1CED94AB00942451 /* UIViewController+PRRouter.m */,
			);
			path = Categories;
			sourceTree = "<group>";
		};
		93CA2C6D1CED9B3500942451 /* Classes */ = {
			isa = PBXGroup;
			children = (
				93CA2C6E1CED9B8F00942451 /* PRRouterNode.h */,
				93CA2C6F1CED9B8F00942451 /* PRRouterNode.m */,
				93793AC01CF2AD50006B8F2F /* PRRouter_Private.h */,
				93CA2C841CEDD33200942451 /* PRRouter.h */,
				93CA2C851CEDD33200942451 /* PRRouter.m */,
			);
			path = Classes;
			sourceTree = "<group>";
		};
/* End PBXGroup section */

/* Begin PBXHeadersBuildPhase section */
		9333A14F1CE4772B00CEE91B /* Headers */ = {
			isa = PBXHeadersBuildPhase;
			buildActionMask = 2147483647;
			files = (
				93CA2C861CEDD33200942451 /* PRRouter.h in Headers */,
				938D51EE1CECC124003A8ED1 /* NSNumber+PRRouterURLCoding.h in Headers */,
				93CA2C621CECD7A000942451 /* NSDictionary+PRRouterURLCoding.h in Headers */,
				93CA2C701CED9B8F00942451 /* PRRouterNode.h in Headers */,
				93793AE91CF42CDA006B8F2F /* PRRouter_Private.h in Headers */,
				938D51EA1CECC118003A8ED1 /* NSString+PRRouterURLCoding.h in Headers */,
				93CA2C6B1CED94AB00942451 /* UIViewController+PRRouter.h in Headers */,
			);
			runOnlyForDeploymentPostprocessing = 0;
		};
/* End PBXHeadersBuildPhase section */

/* Begin PBXNativeTarget section */
		9333A1511CE4772B00CEE91B /* PRRouter */ = {
			isa = PBXNativeTarget;
			buildConfigurationList = 9333A1661CE4772B00CEE91B /* Build configuration list for PBXNativeTarget "PRRouter" */;
			buildPhases = (
				9333A14D1CE4772B00CEE91B /* Sources */,
				9333A14E1CE4772B00CEE91B /* Frameworks */,
				9333A14F1CE4772B00CEE91B /* Headers */,
				9333A1501CE4772B00CEE91B /* Resources */,
			);
			buildRules = (
			);
			dependencies = (
			);
			name = PRRouter;
			productName = PRRouter;
			productReference = 9333A1521CE4772B00CEE91B /* PRRouter.framework */;
			productType = "com.apple.product-type.framework";
		};
		9333A15B1CE4772B00CEE91B /* PRRouterTests */ = {
			isa = PBXNativeTarget;
			buildConfigurationList = 9333A1691CE4772B00CEE91B /* Build configuration list for PBXNativeTarget "PRRouterTests" */;
			buildPhases = (
				9333A1581CE4772B00CEE91B /* Sources */,
				9333A1591CE4772B00CEE91B /* Frameworks */,
				9333A15A1CE4772B00CEE91B /* Resources */,
			);
			buildRules = (
			);
			dependencies = (
				9333A15F1CE4772B00CEE91B /* PBXTargetDependency */,
			);
			name = PRRouterTests;
			productName = PRRouterTests;
			productReference = 9333A15C1CE4772B00CEE91B /* PRRouterTests.xctest */;
			productType = "com.apple.product-type.bundle.unit-test";
		};
/* End PBXNativeTarget section */

/* Begin PBXProject section */
		9333A1491CE4772B00CEE91B /* Project object */ = {
			isa = PBXProject;
			attributes = {
				LastUpgradeCheck = 0730;
				ORGANIZATIONNAME = "Elethom Hunter";
				TargetAttributes = {
					9333A1511CE4772B00CEE91B = {
						CreatedOnToolsVersion = 7.3;
					};
					9333A15B1CE4772B00CEE91B = {
						CreatedOnToolsVersion = 7.3;
					};
				};
			};
			buildConfigurationList = 9333A14C1CE4772B00CEE91B /* Build configuration list for PBXProject "PRRouter" */;
			compatibilityVersion = "Xcode 3.2";
			developmentRegion = English;
			hasScannedForEncodings = 0;
			knownRegions = (
				en,
			);
			mainGroup = 9333A1481CE4772B00CEE91B;
			productRefGroup = 9333A1531CE4772B00CEE91B /* Products */;
			projectDirPath = "";
			projectRoot = "";
			targets = (
				9333A1511CE4772B00CEE91B /* PRRouter */,
				9333A15B1CE4772B00CEE91B /* PRRouterTests */,
			);
		};
/* End PBXProject section */

/* Begin PBXResourcesBuildPhase section */
		9333A1501CE4772B00CEE91B /* Resources */ = {
			isa = PBXResourcesBuildPhase;
			buildActionMask = 2147483647;
			files = (
			);
			runOnlyForDeploymentPostprocessing = 0;
		};
		9333A15A1CE4772B00CEE91B /* Resources */ = {
			isa = PBXResourcesBuildPhase;
			buildActionMask = 2147483647;
			files = (
			);
			runOnlyForDeploymentPostprocessing = 0;
		};
/* End PBXResourcesBuildPhase section */

/* Begin PBXSourcesBuildPhase section */
		9333A14D1CE4772B00CEE91B /* Sources */ = {
			isa = PBXSourcesBuildPhase;
			buildActionMask = 2147483647;
			files = (
				93CA2C711CED9B8F00942451 /* PRRouterNode.m in Sources */,
				93CA2C631CECD7A000942451 /* NSDictionary+PRRouterURLCoding.m in Sources */,
				93CA2C871CEDD33200942451 /* PRRouter.m in Sources */,
				938D51EF1CECC124003A8ED1 /* NSNumber+PRRouterURLCoding.m in Sources */,
				938D51EB1CECC118003A8ED1 /* NSString+PRRouterURLCoding.m in Sources */,
				93CA2C6C1CED94AB00942451 /* UIViewController+PRRouter.m in Sources */,
			);
			runOnlyForDeploymentPostprocessing = 0;
		};
		9333A1581CE4772B00CEE91B /* Sources */ = {
			isa = PBXSourcesBuildPhase;
			buildActionMask = 2147483647;
			files = (
				9333A1621CE4772B00CEE91B /* PRRouterTests.m in Sources */,
			);
			runOnlyForDeploymentPostprocessing = 0;
		};
/* End PBXSourcesBuildPhase section */

/* Begin PBXTargetDependency section */
		9333A15F1CE4772B00CEE91B /* PBXTargetDependency */ = {
			isa = PBXTargetDependency;
			target = 9333A1511CE4772B00CEE91B /* PRRouter */;
			targetProxy = 9333A15E1CE4772B00CEE91B /* PBXContainerItemProxy */;
		};
/* End PBXTargetDependency section */

/* Begin XCBuildConfiguration section */
		9333A1641CE4772B00CEE91B /* Debug */ = {
			isa = XCBuildConfiguration;
			buildSettings = {
				ALWAYS_SEARCH_USER_PATHS = NO;
				CLANG_ANALYZER_NONNULL = YES;
				CLANG_CXX_LANGUAGE_STANDARD = "gnu++0x";
				CLANG_CXX_LIBRARY = "libc++";
				CLANG_ENABLE_MODULES = YES;
				CLANG_ENABLE_OBJC_ARC = YES;
				CLANG_WARN_BOOL_CONVERSION = YES;
				CLANG_WARN_CONSTANT_CONVERSION = YES;
				CLANG_WARN_DIRECT_OBJC_ISA_USAGE = YES_ERROR;
				CLANG_WARN_EMPTY_BODY = YES;
				CLANG_WARN_ENUM_CONVERSION = YES;
				CLANG_WARN_INT_CONVERSION = YES;
				CLANG_WARN_OBJC_ROOT_CLASS = YES_ERROR;
				CLANG_WARN_UNREACHABLE_CODE = YES;
				CLANG_WARN__DUPLICATE_METHOD_MATCH = YES;
				"CODE_SIGN_IDENTITY[sdk=iphoneos*]" = "iPhone Developer";
				COPY_PHASE_STRIP = NO;
				CURRENT_PROJECT_VERSION = 1;
				DEBUG_INFORMATION_FORMAT = dwarf;
				ENABLE_STRICT_OBJC_MSGSEND = YES;
				ENABLE_TESTABILITY = YES;
				GCC_C_LANGUAGE_STANDARD = gnu99;
				GCC_DYNAMIC_NO_PIC = NO;
				GCC_NO_COMMON_BLOCKS = YES;
				GCC_OPTIMIZATION_LEVEL = 0;
				GCC_PREPROCESSOR_DEFINITIONS = (
					"DEBUG=1",
					"$(inherited)",
				);
				GCC_WARN_64_TO_32_BIT_CONVERSION = YES;
				GCC_WARN_ABOUT_RETURN_TYPE = YES_ERROR;
				GCC_WARN_UNDECLARED_SELECTOR = YES;
				GCC_WARN_UNINITIALIZED_AUTOS = YES_AGGRESSIVE;
				GCC_WARN_UNUSED_FUNCTION = YES;
				GCC_WARN_UNUSED_VARIABLE = YES;
				IPHONEOS_DEPLOYMENT_TARGET = 9.3;
				MTL_ENABLE_DEBUG_INFO = YES;
				ONLY_ACTIVE_ARCH = YES;
				SDKROOT = iphoneos;
				TARGETED_DEVICE_FAMILY = "1,2";
				VERSIONING_SYSTEM = "apple-generic";
				VERSION_INFO_PREFIX = "";
			};
			name = Debug;
		};
		9333A1651CE4772B00CEE91B /* Release */ = {
			isa = XCBuildConfiguration;
			buildSettings = {
				ALWAYS_SEARCH_USER_PATHS = NO;
				CLANG_ANALYZER_NONNULL = YES;
				CLANG_CXX_LANGUAGE_STANDARD = "gnu++0x";
				CLANG_CXX_LIBRARY = "libc++";
				CLANG_ENABLE_MODULES = YES;
				CLANG_ENABLE_OBJC_ARC = YES;
				CLANG_WARN_BOOL_CONVERSION = YES;
				CLANG_WARN_CONSTANT_CONVERSION = YES;
				CLANG_WARN_DIRECT_OBJC_ISA_USAGE = YES_ERROR;
				CLANG_WARN_EMPTY_BODY = YES;
				CLANG_WARN_ENUM_CONVERSION = YES;
				CLANG_WARN_INT_CONVERSION = YES;
				CLANG_WARN_OBJC_ROOT_CLASS = YES_ERROR;
				CLANG_WARN_UNREACHABLE_CODE = YES;
				CLANG_WARN__DUPLICATE_METHOD_MATCH = YES;
				"CODE_SIGN_IDENTITY[sdk=iphoneos*]" = "iPhone Developer";
				COPY_PHASE_STRIP = NO;
				CURRENT_PROJECT_VERSION = 1;
				DEBUG_INFORMATION_FORMAT = "dwarf-with-dsym";
				ENABLE_NS_ASSERTIONS = NO;
				ENABLE_STRICT_OBJC_MSGSEND = YES;
				GCC_C_LANGUAGE_STANDARD = gnu99;
				GCC_NO_COMMON_BLOCKS = YES;
				GCC_WARN_64_TO_32_BIT_CONVERSION = YES;
				GCC_WARN_ABOUT_RETURN_TYPE = YES_ERROR;
				GCC_WARN_UNDECLARED_SELECTOR = YES;
				GCC_WARN_UNINITIALIZED_AUTOS = YES_AGGRESSIVE;
				GCC_WARN_UNUSED_FUNCTION = YES;
				GCC_WARN_UNUSED_VARIABLE = YES;
				IPHONEOS_DEPLOYMENT_TARGET = 9.3;
				MTL_ENABLE_DEBUG_INFO = NO;
				SDKROOT = iphoneos;
				TARGETED_DEVICE_FAMILY = "1,2";
				VALIDATE_PRODUCT = YES;
				VERSIONING_SYSTEM = "apple-generic";
				VERSION_INFO_PREFIX = "";
			};
			name = Release;
		};
		9333A1671CE4772B00CEE91B /* Debug */ = {
			isa = XCBuildConfiguration;
			buildSettings = {
				DEFINES_MODULE = YES;
				DYLIB_COMPATIBILITY_VERSION = 1;
				DYLIB_CURRENT_VERSION = 1;
				DYLIB_INSTALL_NAME_BASE = "@rpath";
				INFOPLIST_FILE = "$(SRCROOT)/Sources/Supporting Files/Info.plist";
				INSTALL_PATH = "$(LOCAL_LIBRARY_DIR)/Frameworks";
				LD_RUNPATH_SEARCH_PATHS = "$(inherited) @executable_path/Frameworks @loader_path/Frameworks";
				PRODUCT_BUNDLE_IDENTIFIER = org.projectrhinestone.PRRouter;
				PRODUCT_NAME = "$(TARGET_NAME)";
				SKIP_INSTALL = YES;
			};
			name = Debug;
		};
		9333A1681CE4772B00CEE91B /* Release */ = {
			isa = XCBuildConfiguration;
			buildSettings = {
				DEFINES_MODULE = YES;
				DYLIB_COMPATIBILITY_VERSION = 1;
				DYLIB_CURRENT_VERSION = 1;
				DYLIB_INSTALL_NAME_BASE = "@rpath";
				INFOPLIST_FILE = "$(SRCROOT)/Sources/Supporting Files/Info.plist";
				INSTALL_PATH = "$(LOCAL_LIBRARY_DIR)/Frameworks";
				LD_RUNPATH_SEARCH_PATHS = "$(inherited) @executable_path/Frameworks @loader_path/Frameworks";
				PRODUCT_BUNDLE_IDENTIFIER = org.projectrhinestone.PRRouter;
				PRODUCT_NAME = "$(TARGET_NAME)";
				SKIP_INSTALL = YES;
			};
			name = Release;
		};
		9333A16A1CE4772B00CEE91B /* Debug */ = {
			isa = XCBuildConfiguration;
			buildSettings = {
				INFOPLIST_FILE = Tests/Info.plist;
				LD_RUNPATH_SEARCH_PATHS = "$(inherited) @executable_path/Frameworks @loader_path/Frameworks";
				PRODUCT_BUNDLE_IDENTIFIER = org.projectrhinestone.PRRouterTests;
				PRODUCT_NAME = "$(TARGET_NAME)";
			};
			name = Debug;
		};
		9333A16B1CE4772B00CEE91B /* Release */ = {
			isa = XCBuildConfiguration;
			buildSettings = {
				INFOPLIST_FILE = Tests/Info.plist;
				LD_RUNPATH_SEARCH_PATHS = "$(inherited) @executable_path/Frameworks @loader_path/Frameworks";
				PRODUCT_BUNDLE_IDENTIFIER = org.projectrhinestone.PRRouterTests;
				PRODUCT_NAME = "$(TARGET_NAME)";
			};
			name = Release;
		};
/* End XCBuildConfiguration section */

/* Begin XCConfigurationList section */
		9333A14C1CE4772B00CEE91B /* Build configuration list for PBXProject "PRRouter" */ = {
			isa = XCConfigurationList;
			buildConfigurations = (
				9333A1641CE4772B00CEE91B /* Debug */,
				9333A1651CE4772B00CEE91B /* Release */,
			);
			defaultConfigurationIsVisible = 0;
			defaultConfigurationName = Release;
		};
		9333A1661CE4772B00CEE91B /* Build configuration list for PBXNativeTarget "PRRouter" */ = {
			isa = XCConfigurationList;
			buildConfigurations = (
				9333A1671CE4772B00CEE91B /* Debug */,
				9333A1681CE4772B00CEE91B /* Release */,
			);
			defaultConfigurationIsVisible = 0;
			defaultConfigurationName = Release;
		};
		9333A1691CE4772B00CEE91B /* Build configuration list for PBXNativeTarget "PRRouterTests" */ = {
			isa = XCConfigurationList;
			buildConfigurations = (
				9333A16A1CE4772B00CEE91B /* Debug */,
				9333A16B1CE4772B00CEE91B /* Release */,
			);
			defaultConfigurationIsVisible = 0;
			defaultConfigurationName = Release;
		};
/* End XCConfigurationList section */
	};
	rootObject = 9333A1491CE4772B00CEE91B /* Project object */;
}
